
Microsoft Visual Studio Solution File, Format Version 12.00
# Visual Studio 2012
Project("{FAE04EC0-301F-11D3-BF4B-00C04F79EFBC}") = "OcelotDotNetCore1.1-API", "OcelotDotNetCore1.1-API\OcelotDotNetCore1.1-API.csproj", "{D6EEA6D5-C5A5-4411-9EC5-C1215AC15838}"
EndProject
Project("{FAE04EC0-301F-11D3-BF4B-00C04F79EFBC}") = "OcelotGenerateHash", "OcelotGenerateHash\OcelotGenerateHash.csproj", "{0B4B3540-0C3D-4157-A573-31EC1517D14E}"
EndProject
Global
	GlobalSection(SolutionConfigurationPlatforms) = preSolution
		Debug|Any CPU = Debug|Any CPU
		Release|Any CPU = Release|Any CPU
	EndGlobalSection
	GlobalSection(ProjectConfigurationPlatforms) = postSolution
		{D6EEA6D5-C5A5-4411-9EC5-C1215AC15838}.Debug|Any CPU.ActiveCfg = Debug|Any CPU
		{D6EEA6D5-C5A5-4411-9EC5-C1215AC15838}.Debug|Any CPU.Build.0 = Debug|Any CPU
		{D6EEA6D5-C5A5-4411-9EC5-C1215AC15838}.Release|Any CPU.ActiveCfg = Release|Any CPU
		{D6EEA6D5-C5A5-4411-9EC5-C1215AC15838}.Release|Any CPU.Build.0 = Release|Any CPU
		{0B4B3540-0C3D-4157-A573-31EC1517D14E}.Debug|Any CPU.ActiveCfg = Debug|Any CPU
		{0B4B3540-0C3D-4157-A573-31EC1517D14E}.Debug|Any CPU.Build.0 = Debug|Any CPU
		{0B4B3540-0C3D-4157-A573-31EC1517D14E}.Release|Any CPU.ActiveCfg = Release|Any CPU
		{0B4B3540-0C3D-4157-A573-31EC1517D14E}.Release|Any CPU.Build.0 = Release|Any CPU
	EndGlobalSection
	GlobalSection(MonoDevelopProperties) = preSolution
		Policies = $0
		$0.DotNetNamingPolicy = $1
		$1.DirectoryNamespaceAssociation = PrefixedHierarchical
		$0.StandardHeader = $2
	EndGlobalSection
EndGlobal
